
Microsoft Visual Studio Solution File, Format Version 12.00
# Visual Studio Version 17
VisualStudioVersion = 17.7.34003.232
MinimumVisualStudioVersion = 10.0.40219.1
Project("{FAE04EC0-301F-11D3-BF4B-00C04F79EFBC}") = "POO1", "POO1\POO1.csproj", "{3ABD0F8C-F3CB-4031-BA4B-6700417E1097}"
EndProject
Project("{FAE04EC0-301F-11D3-BF4B-00C04F79EFBC}") = "Herencia 3", "Herencia 3\Herencia 3.csproj", "{F12798B2-01DD-40A3-B685-E8506F7B5D64}"
EndProject
Global
	GlobalSection(SolutionConfigurationPlatforms) = preSolution
		Debug|Any CPU = Debug|Any CPU
		Release|Any CPU = Release|Any CPU
	EndGlobalSection
	GlobalSection(ProjectConfigurationPlatforms) = postSolution
		{3ABD0F8C-F3CB-4031-BA4B-6700417E1097}.Debug|Any CPU.ActiveCfg = Debug|Any CPU
		{3ABD0F8C-F3CB-4031-BA4B-6700417E1097}.Debug|Any CPU.Build.0 = Debug|Any CPU
		{3ABD0F8C-F3CB-4031-BA4B-6700417E1097}.Release|Any CPU.ActiveCfg = Release|Any CPU
		{3ABD0F8C-F3CB-4031-BA4B-6700417E1097}.Release|Any CPU.Build.0 = Release|Any CPU
		{F12798B2-01DD-40A3-B685-E8506F7B5D64}.Debug|Any CPU.ActiveCfg = Debug|Any CPU
		{F12798B2-01DD-40A3-B685-E8506F7B5D64}.Debug|Any CPU.Build.0 = Debug|Any CPU
		{F12798B2-01DD-40A3-B685-E8506F7B5D64}.Release|Any CPU.ActiveCfg = Release|Any CPU
		{F12798B2-01DD-40A3-B685-E8506F7B5D64}.Release|Any CPU.Build.0 = Release|Any CPU
	EndGlobalSection
	GlobalSection(SolutionProperties) = preSolution
		HideSolutionNode = FALSE
	EndGlobalSection
	GlobalSection(ExtensibilityGlobals) = postSolution
		SolutionGuid = {2147A745-B28E-4DB5-85B0-A0269273E737}
	EndGlobalSection
EndGlobal
